
Microsoft Visual Studio Solution File, Format Version 12.00
# Visual Studio Version 17
VisualStudioVersion = 17.13.35913.81 d17.13
MinimumVisualStudioVersion = 10.0.40219.1
Project("{FAE04EC0-301F-11D3-BF4B-00C04F79EFBC}") = "CloudPhotoStorage.UI", "CloudPhotoStorage.UI\CloudPhotoStorage.UI.csproj", "{66D57BFA-1C63-4FAC-91D9-AE27CB9C724A}"
EndProject
Project("{FAE04EC0-301F-11D3-BF4B-00C04F79EFBC}") = "CloudPhotoStorage.API", "CloudPhotoStorage.API\CloudPhotoStorage.API.csproj", "{A6A35457-8FB3-435A-B7BC-FEC2515883FE}"
EndProject
Project("{FAE04EC0-301F-11D3-BF4B-00C04F79EFBC}") = "CloudPhotoStorage.DataBase", "CloudPhotoStorage.DataBase\CloudPhotoStorage.DataBase.csproj", "{9CA4C3D4-5344-44AD-BFA9-4FA948CD550A}"
EndProject
Global
	GlobalSection(SolutionConfigurationPlatforms) = preSolution
		Debug|Any CPU = Debug|Any CPU
		Release|Any CPU = Release|Any CPU
	EndGlobalSection
	GlobalSection(ProjectConfigurationPlatforms) = postSolution
		{66D57BFA-1C63-4FAC-91D9-AE27CB9C724A}.Debug|Any CPU.ActiveCfg = Debug|Any CPU
		{66D57BFA-1C63-4FAC-91D9-AE27CB9C724A}.Debug|Any CPU.Build.0 = Debug|Any CPU
		{66D57BFA-1C63-4FAC-91D9-AE27CB9C724A}.Release|Any CPU.ActiveCfg = Release|Any CPU
		{66D57BFA-1C63-4FAC-91D9-AE27CB9C724A}.Release|Any CPU.Build.0 = Release|Any CPU
		{A6A35457-8FB3-435A-B7BC-FEC2515883FE}.Debug|Any CPU.ActiveCfg = Debug|Any CPU
		{A6A35457-8FB3-435A-B7BC-FEC2515883FE}.Debug|Any CPU.Build.0 = Debug|Any CPU
		{A6A35457-8FB3-435A-B7BC-FEC2515883FE}.Release|Any CPU.ActiveCfg = Release|Any CPU
		{A6A35457-8FB3-435A-B7BC-FEC2515883FE}.Release|Any CPU.Build.0 = Release|Any CPU
		{9CA4C3D4-5344-44AD-BFA9-4FA948CD550A}.Debug|Any CPU.ActiveCfg = Debug|Any CPU
		{9CA4C3D4-5344-44AD-BFA9-4FA948CD550A}.Debug|Any CPU.Build.0 = Debug|Any CPU
		{9CA4C3D4-5344-44AD-BFA9-4FA948CD550A}.Release|Any CPU.ActiveCfg = Release|Any CPU
		{9CA4C3D4-5344-44AD-BFA9-4FA948CD550A}.Release|Any CPU.Build.0 = Release|Any CPU
	EndGlobalSection
	GlobalSection(SolutionProperties) = preSolution
		HideSolutionNode = FALSE
	EndGlobalSection
	GlobalSection(ExtensibilityGlobals) = postSolution
		SolutionGuid = {46548889-F029-4BCB-8B41-971778777A6E}
	EndGlobalSection
EndGlobal
